# This file is automatically @generated by Cargo.
# It is not intended for manual editing.
version = 4

[[package]]
name = "veoveo-agent-runtime"
version = "0.1.0"
dependencies = [
 "veoveo-modules",
]

[[package]]
name = "veoveo-computers"
version = "0.1.0"
dependencies = [
 "veoveo-modules",
]

[[package]]
name = "veoveo-frames-mcp"
version = "0.1.0"
dependencies = [
 "veoveo-modules",
]

[[package]]
name = "veoveo-map-mcp"
version = "0.1.0"
dependencies = [
 "veoveo-modules",
]

[[package]]
name = "veoveo-media-mcp"
version = "0.1.0"
dependencies = [
 "veoveo-modules",
]

[[package]]
name = "veoveo-module-schema-consumer"
version = "0.1.0"
dependencies = [
 "veoveo-agent-runtime",
 "veoveo-computers",
 "veoveo-frames-mcp",
 "veoveo-map-mcp",
 "veoveo-media-mcp",
 "veoveo-modules",
 "veoveo-platform-store",
 "veoveo-recording-mcp",
 "veoveo-time-mcp",
 "veoveo-uav-sim-mcp",
 "veoveo-workspace",
]

[[package]]
name = "veoveo-modules"
version = "0.1.0"

[[package]]
name = "veoveo-platform-store"
version = "0.1.0"
dependencies = [
 "veoveo-modules",
]

[[package]]
name = "veoveo-recording-mcp"
version = "0.1.0"
dependencies = [
 "veoveo-modules",
]

[[package]]
name = "veoveo-time-mcp"
version = "0.1.0"
dependencies = [
 "veoveo-modules",
]

[[package]]
name = "veoveo-uav-sim-mcp"
version = "0.1.0"
dependencies = [
 "veoveo-modules",
]

[[package]]
name = "veoveo-workspace"
version = "0.1.0"
dependencies = [
 "veoveo-modules",
]
