global:
  veoveoRegistry: k3d-veoveo-registry.localhost:5000
  veoveoTag: ""
  imageDigests:
    veoveo/recording-forwarder: sha256:b70a9b64b004522b4164d58b48e8f54e1aa3bf7c44c705c68b4b55473d23d7c0
    veoveo/uav-sim-mcp: sha256:2bfce2508d41dfcbe718e9957dbd11f1a21bf739b00e59077796c163fa24bb3b
    # Isaac Sim 6.1.0 with its native RTSP writer and NVENC H.264 stream.
    veoveo/uav-sim-runtime: sha256:829d0ffda8d46e10f8f07c25d8eb032db6d00a10e650a8119d09d3bca274cdae
