global:
  veoveoRegistry: k3d-veoveo-registry.localhost:5000
  veoveoTag: ""
  imageDigests:
    veoveo/computer-host: sha256:f595a30b923034e62f0f975618f110a37294dcd80b17da598bd7a2862e78f885
    veoveo/computer-template: sha256:e3cbc7de048c3342d1d588ee18fa32e1e0fecb687f5d4c8b163a8582d89ea622
    veoveo/computers-mcp: sha256:a4a092acaacb3a8c31779aff6672e94f093fa46ab8dbc90d173748ca28fd9590
    veoveo/artifact-mcp: sha256:0883f915ecebe5ef0d701abf2795bd5dbabb09829037ea2494a6c1242a2dd4bf
    veoveo/artifact-service: sha256:abe71ed08bcd4cbb43c38703ad32ff5117d49e3dfc0e4226cd01c29f6f3c4e79
    veoveo/chart-mcp: sha256:99f98a7c36c8e293a6831698f5da51b3699a6c8b4b19d78bea12514f2eea7068
    veoveo/console-bff: sha256:1f1ed7a9f1d283f6f102e030f693e0eb046d0b66f81d54d6130e7c88fcec6df8
    veoveo/cuopt-executor: sha256:1965e43ad038e922850f4e3d79e077e56dd80e2fb1d3334e30104aa9848e26e7
    veoveo/datasheet-mcp: sha256:f1b3cde77f2d91bad340172ae90f4031eabf64aa500dd3895cb9b196da5673ab
    veoveo/duckdb-mcp: sha256:18aad8580923515a223b4fcf1a236d8fdb3f4fb7601cfe746a11639711e4b2e0
    veoveo/frames-mcp: sha256:0b5f9eda273abebc21dbe43bb41b5267ba3b9e20ea318ea19825a61f2749447a
    veoveo/map-mcp: sha256:cedb3b0ec3d80f7f42829c0e0a525fd16a034e255085ab383c3039fecdb10976
    veoveo/mcp-gateway: sha256:2ac8823a2921cc98427c7ca4f304c3daf768f7d75f98db6fc4200c6f70879753
    veoveo/mcp-legacy-bridge: sha256:b8fc2cf1ec7c1b49e92ada2118fa72695c218e142f6bef287f7e807391451fa0
    veoveo/media-mcp: sha256:ed12769cbfc58b6cebc2e455877a30cc0b49a3c812959a1e0f529c22d01d9fb4
    veoveo/optimization-mcp: sha256:60f501bb823b17d457c0343bd4f483228039152386a92223c85f265cc0fe00ce
    veoveo/reason-mcp: sha256:1a60d95539c74e9f1517529df6b75fabd1a1edf9478fa581e6711f1f775c36c6
    veoveo/recording-hub: sha256:b6a2ee5e18b4baeb2af39fd8f3801a518dce8e1c670a2d2da181b9b23f5a7cbb
    veoveo/recording-mcp: sha256:3ad0418ebce18b0006490a96e51293facbb8275a124ecf00c92f123364922c13
    veoveo/stream-mcp: sha256:f2111d75320d8dd184996425f317401eaa409f074c1def03e1dd3b7b025e911b
    veoveo/time-mcp: sha256:9cc0bdf1536acf3fd0ff5a4be5317c1881dd73fe00ce5bb9db75c8d8897c4649
    veoveo/timeseries-mcp: sha256:1efc17968afa881566b86b4b7858f58511302131c0124cd54e81b0e416805259
    veoveo/view-mcp: sha256:a880bf62c9c090820c1726fbf51c4e5dc1df87b9f7e8e8f9049b02fd6016f860
    veoveo/agent-kernel: sha256:0a7de897e3cbe0d91263af3137ead9e393ab13db9668be9729694f61759cc784
    veoveo/agent-manager: sha256:3f9c943214baba6ef1b678d6b165c4122cbfe3c3a109f7f6b29c8f976f26fff0
    veoveo/speech-mcp: sha256:9ea9a4d6c7493c9b0da3586dafe727b18891cc845d8c97ec5bfca22c7ba1ea47
