global:
  veoveoRegistry: k3d-veoveo-registry.localhost:5000
  veoveoTag: ""
  imageDigests:
    veoveo/computer-host: sha256:d2b5525355e0c9fc9808b5aac2a5179cb3dc694ed60a47aafe4d726c6cc6785d
    veoveo/computer-template: sha256:7d6803eedd006cb63c61ceaad281ad371b2fb2b005a68d4b8d3590a1a776b9fa
    veoveo/computers-mcp: sha256:06aac474d4cdb2882e09b07c75958216a06d37a39dad2f66d618928a2f43f146
    veoveo/artifact-mcp: sha256:2ee112e2aa3fb17e5f58f69748e84a5d152f4a333cedcbe3ad0d1aace255a57a
    veoveo/artifact-service: sha256:e26082a194371d8e6374e8b06be0d29677e869486af32332381f47c6bb791c2b
    veoveo/chart-mcp: sha256:f180326d2c208d41d3cf8ce862ca1d68b6f986b268cae16f652868717d964850
    veoveo/console-bff: sha256:fdf02965fdd4ceb939b9d4769e3ef274294b0a19a1036d8c148c3f692fe748af
    veoveo/cuopt-executor: sha256:37a6d3e70f477f5d996f551dc7a2cf066df9b43a279072b0467390d132753dcc
    veoveo/datasheet-mcp: sha256:6006c5ca01ef93fba162c07d51f706beca0cb901aa4f795b49ce8c58ef7ccf75
    veoveo/duckdb-mcp: sha256:4ee91fa7e5a480b30e9e4b6c63d862605a701a687051e4db4c117365570e991b
    veoveo/frames-mcp: sha256:032ce55005cbeeb911fee19ecb790c271727c0a3443c2df4fa59dc5386e1b962
    veoveo/map-mcp: sha256:948f1d4a3131426abc1a1d3ad44f56cedc30072f51935f9150b779e4bbfb5fdb
    veoveo/mcp-gateway: sha256:1cca14fa129446489e288362c45e57cd48c00cb75c716e9d6ff87377a1c56aea
    veoveo/mcp-legacy-bridge: sha256:bd3df9329b5d3691c416d243f81625755ded3d85bf153952b7b81893f6eb5bd1
    veoveo/media-mcp: sha256:bb2249f9eb8359041c1e7a6871a8905069d291a68b4c467700128df988c14735
    veoveo/optimization-mcp: sha256:66f4bfc68845ff225b840074007ef07d6f05843f97eadc06affe6f00805b0ba2
    veoveo/reason-mcp: sha256:568dbe05257f7fd69535062499458d7369c5345733c476f5560cb6bc5e24aca7
    veoveo/recording-hub: sha256:bc6d5f755fd384bdef6245ff95e61d21d01cc45d6753c7d63144643709ddb42f
    veoveo/recording-mcp: sha256:1c30875f9f4afc8f42e85c4bda9f3bc3efcddb4943af46398d5965c450e5c97a
    veoveo/stream-mcp: sha256:ca052408628c41d6a78db11394f3d9f38e0350853882c97e936edfd57a767854
    veoveo/time-mcp: sha256:1a3c1a706a1a9dd59d022d00cb0bc7e5b133f778b8d8eb41f5ee446f23ac7a76
    veoveo/timeseries-mcp: sha256:d17494a4481c89b51a144c90dd7beb52eef18834f6f886786d2d471bb4734166
    veoveo/view-mcp: sha256:4184d9ca78dfffb634bbf001545f8652b1033152684219c41ba92ad3532b810b
    veoveo/agent-kernel: sha256:b3aff146d3ca6b065077081667b9e4e45f784b5bf4cd9f6a59729e3ab6e9ad85
    veoveo/agent-manager: sha256:affcaf1485545e3729360b6e86aa7c34622f1888a248d62a9cb2974a8f992058
    veoveo/speech-mcp: sha256:7f7e27c242bd63a4aa91c52e59ab05fa2edd2af90ed63c30360b4c70b0ba4e94
    veoveo/knowledge-mcp: sha256:7f2bd6b0847666dfa8f10d41ab4d392d54105b4bbe6fc697412efbfed037de18
