global:
  veoveoRegistry: k3d-veoveo-registry.localhost:5000
  veoveoTag: ""
  imageDigests:
    veoveo/artifact-mcp: sha256:81908b1584ac0d74c3271a8b1d7faa13dc8b86aa9ea3b918ccef4782145d7e81
    veoveo/artifact-service: sha256:20dbef266939bb697cd37e42a6f9fa48e29a63ad5d687a83bfae05caee5b1d47
    veoveo/chart-mcp: sha256:6707446924be2d213959724babb0ff1dcf46b9e14b168fcecc7964036ce3a6e0
    veoveo/console-bff: sha256:c6e014b8a2064ec0cd8fd72437e1942efec6cf5c1ee1310f58d7c6bc4821a94d
    veoveo/datasheet-mcp: sha256:6b7017b82beac2c4565bbf4d2b57bb98f0144140f2d5f1e91e29f6325974f08b
    veoveo/duckdb-mcp: sha256:1a1f6e9f0cfbd1ac4456afff93cfbdb8c55146a29b8f1a957607990b2954b9f4
    veoveo/frames-mcp: sha256:6e52521dc26a1635f39ebcef3d4e030d971a3d7ab8e91801ac3d4c2938d268cb
    veoveo/map-mcp: sha256:6c85eb92062156a203e6e364baa0382ae55392f1875d2e65228802b6be4ce326
    veoveo/mcp-gateway: sha256:40db6474f6d6707e7270c20332eb393bea7403b020e7b598b54aeef32b3c6291
    veoveo/mcp-stdio-bridge: sha256:5c3076774e8928586a80a88d18de37d796e597ecc94a82c30339775ea75290e6
    veoveo/media-mcp: sha256:c50a1c5d8edfed1d867261825fb15c4bef81b19746fd49e497a356a209734f1a
    veoveo/optimization-mcp: sha256:0621c1e43bd60c7793c5988bf813cc78a381fd58d94d6c1bd3d819e7518c70f1
    veoveo/stream-mcp: sha256:f0b4d400333a0c73f07732072c044793fd321cce03febda47162c925a6883c32
    veoveo/reason-mcp: sha256:74c5ddd6167c8a5d889e04b9f3f2eef420ab3f93798b98c6d9a707b8c7639a8c
    veoveo/recording-forwarder: sha256:1801447287cdee841d2fbb404d835c4d2f8a0358fe295449fc4125566570663f
    veoveo/recording-hub: sha256:8c31e33a2257a5492e8f1a053ef3ccb59729cc8d74e8b4c8f35f367852a3ca60
    veoveo/recording-mcp: sha256:d9d9381b1d103e8c427cdf51288d81c9b4010f222a02b7354e3141a358b20b3b
    veoveo/simulation-runtime: sha256:d20bf61a2b7f60429d52da6a618b2cfe25dfbbd85f334676c6b44b2a1dc11c25
    veoveo/simulation-view-isaac: sha256:d1831ca92c527468a28ad37801a604d1f609b73682f48c94ec1d61e877dd497a
    veoveo/simulation-view-mcp: sha256:a2e54440991a0569c172a6c08cf7dd82909094f8e2d8e28eb9143154b1e50625
    veoveo/simulation-view-pose: sha256:e07e0f48cf61ce0431b66983e49b0c022468231ca578be42ce4374486812fa5f
    veoveo/time-mcp: sha256:63be6a74a07c282dc7eb92ecacd598c51375c31c2e7da5773657f1404fe3ba9a
    veoveo/timeseries-mcp: sha256:3fa75d2c71043019b60d47bbb66c1c7f484d6befa18344f95206e03e27063218
    veoveo/uav-sim-mcp: sha256:91be4e08985742597e44b0f32acae5e24c8d99789d0a82c610d767d0de600054
    veoveo/uav-sim-runtime: sha256:cca366c128346c0b7b36a937167c99270ebc0cbee363122d34f642c5ae607cd7
    veoveo/view-mcp: sha256:a545f07372a59e5896e4eb5bbfcbc6275e773ad3a76c2d571bf252eae4a45a1b
